
Microsoft Visual Studio Solution File, Format Version 12.00
Project("{2150E333-8FDC-42A3-9474-1A3956D46DE8}") = "Core", "Core", "{1B18BBAE-556F-4A24-B039-1E228481165D}"
EndProject
Project("{FAE04EC0-301F-11D3-BF4B-00C04F79EFBC}") = "CarBooking.Domain", "Core\CarBooking.Domain\CarBooking.Domain.csproj", "{216F986B-5571-4FA3-B209-DEBFD0F7F55D}"
EndProject
Project("{2150E333-8FDC-42A3-9474-1A3956D46DE8}") = "Infrastructure", "Infrastructure", "{EFF2E83E-A4B0-4436-B3C0-A8D926B2D9D6}"
EndProject
Project("{FAE04EC0-301F-11D3-BF4B-00C04F79EFBC}") = "CarBooking.Persistence", "Infrastructure\CarBooking.Persistence\CarBooking.Persistence.csproj", "{A531BABD-5A6C-4EBF-96AF-6BB9A725F758}"
EndProject
Project("{2150E333-8FDC-42A3-9474-1A3956D46DE8}") = "Presentation", "Presentation", "{1E8C199E-D9F5-4700-84D4-6ED083B4D1C6}"
EndProject
Project("{FAE04EC0-301F-11D3-BF4B-00C04F79EFBC}") = "CarBooking.WebApi", "Presentation\CarBooking.WebApi\CarBooking.WebApi.csproj", "{6722F09E-D685-428F-AB2B-80652B49A782}"
EndProject
Project("{FAE04EC0-301F-11D3-BF4B-00C04F79EFBC}") = "CarBooking.Application", "Core\CarBooking.Application\CarBooking.Application.csproj", "{817FA99D-6D51-45FD-8C3F-C98AECE34260}"
EndProject
Project("{2150E333-8FDC-42A3-9474-1A3956D46DE8}") = "Frontends", "Frontends", "{CEC1CACE-372B-4B42-85FE-BB6ACF0E4CFD}"
EndProject
Project("{FAE04EC0-301F-11D3-BF4B-00C04F79EFBC}") = "CarBooking.WebUI", "Frontends \CarBooking.WebUI\CarBooking.WebUI.csproj", "{A7328C1E-5814-49B6-BA85-F0C7D839E7F1}"
EndProject
Global
	GlobalSection(SolutionConfigurationPlatforms) = preSolution
		Debug|Any CPU = Debug|Any CPU
		Release|Any CPU = Release|Any CPU
	EndGlobalSection
	GlobalSection(NestedProjects) = preSolution
		{216F986B-5571-4FA3-B209-DEBFD0F7F55D} = {1B18BBAE-556F-4A24-B039-1E228481165D}
		{A531BABD-5A6C-4EBF-96AF-6BB9A725F758} = {EFF2E83E-A4B0-4436-B3C0-A8D926B2D9D6}
		{6722F09E-D685-428F-AB2B-80652B49A782} = {1E8C199E-D9F5-4700-84D4-6ED083B4D1C6}
		{817FA99D-6D51-45FD-8C3F-C98AECE34260} = {1B18BBAE-556F-4A24-B039-1E228481165D}
		{A7328C1E-5814-49B6-BA85-F0C7D839E7F1} = {CEC1CACE-372B-4B42-85FE-BB6ACF0E4CFD}
	EndGlobalSection
	GlobalSection(ProjectConfigurationPlatforms) = postSolution
		{216F986B-5571-4FA3-B209-DEBFD0F7F55D}.Debug|Any CPU.ActiveCfg = Debug|Any CPU
		{216F986B-5571-4FA3-B209-DEBFD0F7F55D}.Debug|Any CPU.Build.0 = Debug|Any CPU
		{216F986B-5571-4FA3-B209-DEBFD0F7F55D}.Release|Any CPU.ActiveCfg = Release|Any CPU
		{216F986B-5571-4FA3-B209-DEBFD0F7F55D}.Release|Any CPU.Build.0 = Release|Any CPU
		{A531BABD-5A6C-4EBF-96AF-6BB9A725F758}.Debug|Any CPU.ActiveCfg = Debug|Any CPU
		{A531BABD-5A6C-4EBF-96AF-6BB9A725F758}.Debug|Any CPU.Build.0 = Debug|Any CPU
		{A531BABD-5A6C-4EBF-96AF-6BB9A725F758}.Release|Any CPU.ActiveCfg = Release|Any CPU
		{A531BABD-5A6C-4EBF-96AF-6BB9A725F758}.Release|Any CPU.Build.0 = Release|Any CPU
		{6722F09E-D685-428F-AB2B-80652B49A782}.Debug|Any CPU.ActiveCfg = Debug|Any CPU
		{6722F09E-D685-428F-AB2B-80652B49A782}.Debug|Any CPU.Build.0 = Debug|Any CPU
		{6722F09E-D685-428F-AB2B-80652B49A782}.Release|Any CPU.ActiveCfg = Release|Any CPU
		{6722F09E-D685-428F-AB2B-80652B49A782}.Release|Any CPU.Build.0 = Release|Any CPU
		{817FA99D-6D51-45FD-8C3F-C98AECE34260}.Debug|Any CPU.ActiveCfg = Debug|Any CPU
		{817FA99D-6D51-45FD-8C3F-C98AECE34260}.Debug|Any CPU.Build.0 = Debug|Any CPU
		{817FA99D-6D51-45FD-8C3F-C98AECE34260}.Release|Any CPU.ActiveCfg = Release|Any CPU
		{817FA99D-6D51-45FD-8C3F-C98AECE34260}.Release|Any CPU.Build.0 = Release|Any CPU
		{A7328C1E-5814-49B6-BA85-F0C7D839E7F1}.Debug|Any CPU.ActiveCfg = Debug|Any CPU
		{A7328C1E-5814-49B6-BA85-F0C7D839E7F1}.Debug|Any CPU.Build.0 = Debug|Any CPU
		{A7328C1E-5814-49B6-BA85-F0C7D839E7F1}.Release|Any CPU.ActiveCfg = Release|Any CPU
		{A7328C1E-5814-49B6-BA85-F0C7D839E7F1}.Release|Any CPU.Build.0 = Release|Any CPU
	EndGlobalSection
EndGlobal
